<?xml version="1.0" encoding="UTF-8"?>
<CodeBlocks_project_file>
	<FileVersion major="1" minor="6"/>
	<Project>
		<Option title="libfreenect"/>
		<Option makefile_is_custom="1"/>
		<Option compiler="gcc"/>
		<Option virtualFolders="CMake Files\;CMake Files\cmake_modules\;CMake Files\src\;CMake Files\examples\;CMake Files\fakenect\;CMake Files\wrappers\;CMake Files\wrappers\c_sync\;CMake Files\wrappers\cpp\;"/>
		<Build>
			<Target title="all">
				<Option working_dir="/home/nikos/Documents/MSc-Dissertation/Code/build-libfreenect-Desktop-Debug"/>
				<Option type="4"/>
				<MakeCommands>
					<Build command="/usr/bin/make -j4 -f &quot;/home/nikos/Documents/MSc-Dissertation/Code/build-libfreenect-Desktop-Debug/Makefile&quot;  VERBOSE=1 all"/>
					<CompileFile command="/usr/bin/make -j4 -f &quot;/home/nikos/Documents/MSc-Dissertation/Code/build-libfreenect-Desktop-Debug/Makefile&quot;  VERBOSE=1 &quot;$file&quot;"/>
					<Clean command="/usr/bin/make -j4 -f &quot;/home/nikos/Documents/MSc-Dissertation/Code/build-libfreenect-Desktop-Debug/Makefile&quot;  VERBOSE=1 clean"/>
					<DistClean command="/usr/bin/make -j4 -f &quot;/home/nikos/Documents/MSc-Dissertation/Code/build-libfreenect-Desktop-Debug/Makefile&quot;  VERBOSE=1 clean"/>
				</MakeCommands>
			</Target>
			<Target title="install/strip">
				<Option working_dir="/home/nikos/Documents/MSc-Dissertation/Code/build-libfreenect-Desktop-Debug"/>
				<Option type="4"/>
				<MakeCommands>
					<Build command="/usr/bin/make -j4 -f &quot;/home/nikos/Documents/MSc-Dissertation/Code/build-libfreenect-Desktop-Debug/Makefile&quot;  VERBOSE=1 install/strip"/>
					<CompileFile command="/usr/bin/make -j4 -f &quot;/home/nikos/Documents/MSc-Dissertation/Code/build-libfreenect-Desktop-Debug/Makefile&quot;  VERBOSE=1 &quot;$file&quot;"/>
					<Clean command="/usr/bin/make -j4 -f &quot;/home/nikos/Documents/MSc-Dissertation/Code/build-libfreenect-Desktop-Debug/Makefile&quot;  VERBOSE=1 clean"/>
					<DistClean command="/usr/bin/make -j4 -f &quot;/home/nikos/Documents/MSc-Dissertation/Code/build-libfreenect-Desktop-Debug/Makefile&quot;  VERBOSE=1 clean"/>
				</MakeCommands>
			</Target>
			<Target title="edit_cache">
				<Option working_dir="/home/nikos/Documents/MSc-Dissertation/Code/build-libfreenect-Desktop-Debug"/>
				<Option type="4"/>
				<MakeCommands>
					<Build command="/usr/bin/make -j4 -f &quot;/home/nikos/Documents/MSc-Dissertation/Code/build-libfreenect-Desktop-Debug/Makefile&quot;  VERBOSE=1 edit_cache"/>
					<CompileFile command="/usr/bin/make -j4 -f &quot;/home/nikos/Documents/MSc-Dissertation/Code/build-libfreenect-Desktop-Debug/Makefile&quot;  VERBOSE=1 &quot;$file&quot;"/>
					<Clean command="/usr/bin/make -j4 -f &quot;/home/nikos/Documents/MSc-Dissertation/Code/build-libfreenect-Desktop-Debug/Makefile&quot;  VERBOSE=1 clean"/>
					<DistClean command="/usr/bin/make -j4 -f &quot;/home/nikos/Documents/MSc-Dissertation/Code/build-libfreenect-Desktop-Debug/Makefile&quot;  VERBOSE=1 clean"/>
				</MakeCommands>
			</Target>
			<Target title="uninstall">
				<Option working_dir="/home/nikos/Documents/MSc-Dissertation/Code/build-libfreenect-Desktop-Debug"/>
				<Option type="4"/>
				<MakeCommands>
					<Build command="/usr/bin/make -j4 -f &quot;/home/nikos/Documents/MSc-Dissertation/Code/build-libfreenect-Desktop-Debug/Makefile&quot;  VERBOSE=1 uninstall"/>
					<CompileFile command="/usr/bin/make -j4 -f &quot;/home/nikos/Documents/MSc-Dissertation/Code/build-libfreenect-Desktop-Debug/Makefile&quot;  VERBOSE=1 &quot;$file&quot;"/>
					<Clean command="/usr/bin/make -j4 -f &quot;/home/nikos/Documents/MSc-Dissertation/Code/build-libfreenect-Desktop-Debug/Makefile&quot;  VERBOSE=1 clean"/>
					<DistClean command="/usr/bin/make -j4 -f &quot;/home/nikos/Documents/MSc-Dissertation/Code/build-libfreenect-Desktop-Debug/Makefile&quot;  VERBOSE=1 clean"/>
				</MakeCommands>
			</Target>
			<Target title="rebuild_cache">
				<Option working_dir="/home/nikos/Documents/MSc-Dissertation/Code/build-libfreenect-Desktop-Debug"/>
				<Option type="4"/>
				<MakeCommands>
					<Build command="/usr/bin/make -j4 -f &quot;/home/nikos/Documents/MSc-Dissertation/Code/build-libfreenect-Desktop-Debug/Makefile&quot;  VERBOSE=1 rebuild_cache"/>
					<CompileFile command="/usr/bin/make -j4 -f &quot;/home/nikos/Documents/MSc-Dissertation/Code/build-libfreenect-Desktop-Debug/Makefile&quot;  VERBOSE=1 &quot;$file&quot;"/>
					<Clean command="/usr/bin/make -j4 -f &quot;/home/nikos/Documents/MSc-Dissertation/Code/build-libfreenect-Desktop-Debug/Makefile&quot;  VERBOSE=1 clean"/>
					<DistClean command="/usr/bin/make -j4 -f &quot;/home/nikos/Documents/MSc-Dissertation/Code/build-libfreenect-Desktop-Debug/Makefile&quot;  VERBOSE=1 clean"/>
				</MakeCommands>
			</Target>
			<Target title="list_install_components">
				<Option working_dir="/home/nikos/Documents/MSc-Dissertation/Code/build-libfreenect-Desktop-Debug"/>
				<Option type="4"/>
				<MakeCommands>
					<Build command="/usr/bin/make -j4 -f &quot;/home/nikos/Documents/MSc-Dissertation/Code/build-libfreenect-Desktop-Debug/Makefile&quot;  VERBOSE=1 list_install_components"/>
					<CompileFile command="/usr/bin/make -j4 -f &quot;/home/nikos/Documents/MSc-Dissertation/Code/build-libfreenect-Desktop-Debug/Makefile&quot;  VERBOSE=1 &quot;$file&quot;"/>
					<Clean command="/usr/bin/make -j4 -f &quot;/home/nikos/Documents/MSc-Dissertation/Code/build-libfreenect-Desktop-Debug/Makefile&quot;  VERBOSE=1 clean"/>
					<DistClean command="/usr/bin/make -j4 -f &quot;/home/nikos/Documents/MSc-Dissertation/Code/build-libfreenect-Desktop-Debug/Makefile&quot;  VERBOSE=1 clean"/>
				</MakeCommands>
			</Target>
			<Target title="install/local">
				<Option working_dir="/home/nikos/Documents/MSc-Dissertation/Code/build-libfreenect-Desktop-Debug"/>
				<Option type="4"/>
				<MakeCommands>
					<Build command="/usr/bin/make -j4 -f &quot;/home/nikos/Documents/MSc-Dissertation/Code/build-libfreenect-Desktop-Debug/Makefile&quot;  VERBOSE=1 install/local"/>
					<CompileFile command="/usr/bin/make -j4 -f &quot;/home/nikos/Documents/MSc-Dissertation/Code/build-libfreenect-Desktop-Debug/Makefile&quot;  VERBOSE=1 &quot;$file&quot;"/>
					<Clean command="/usr/bin/make -j4 -f &quot;/home/nikos/Documents/MSc-Dissertation/Code/build-libfreenect-Desktop-Debug/Makefile&quot;  VERBOSE=1 clean"/>
					<DistClean command="/usr/bin/make -j4 -f &quot;/home/nikos/Documents/MSc-Dissertation/Code/build-libfreenect-Desktop-Debug/Makefile&quot;  VERBOSE=1 clean"/>
				</MakeCommands>
			</Target>
			<Target title="install">
				<Option working_dir="/home/nikos/Documents/MSc-Dissertation/Code/build-libfreenect-Desktop-Debug"/>
				<Option type="4"/>
				<MakeCommands>
					<Build command="/usr/bin/make -j4 -f &quot;/home/nikos/Documents/MSc-Dissertation/Code/build-libfreenect-Desktop-Debug/Makefile&quot;  VERBOSE=1 install"/>
					<CompileFile command="/usr/bin/make -j4 -f &quot;/home/nikos/Documents/MSc-Dissertation/Code/build-libfreenect-Desktop-Debug/Makefile&quot;  VERBOSE=1 &quot;$file&quot;"/>
					<Clean command="/usr/bin/make -j4 -f &quot;/home/nikos/Documents/MSc-Dissertation/Code/build-libfreenect-Desktop-Debug/Makefile&quot;  VERBOSE=1 clean"/>
					<DistClean command="/usr/bin/make -j4 -f &quot;/home/nikos/Documents/MSc-Dissertation/Code/build-libfreenect-Desktop-Debug/Makefile&quot;  VERBOSE=1 clean"/>
				</MakeCommands>
			</Target>
			<Target title="freenect">
				<Option output="/home/nikos/Documents/MSc-Dissertation/Code/build-libfreenect-Desktop-Debug/lib/libfreenect.so" prefix_auto="0" extension_auto="0"/>
				<Option working_dir="/home/nikos/Documents/MSc-Dissertation/Code/build-libfreenect-Desktop-Debug/src"/>
				<Option object_output="./"/>
				<Option type="3"/>
				<Option compiler="gcc"/>
				<Compiler>
					<Add directory="/home/nikos/Documents/MSc-Dissertation/Code/libfreenect/include"/>
					<Add directory="/usr/include/libusb-1.0"/>
					<Add directory="/home/nikos/Documents/MSc-Dissertation/Code/libfreenect/src"/>
					<Add directory="/usr/include/c++/7"/>
					<Add directory="/usr/include/x86_64-linux-gnu/c++/7"/>
					<Add directory="/usr/include/c++/7/backward"/>
					<Add directory="/usr/lib/gcc/x86_64-linux-gnu/7/include"/>
					<Add directory="/usr/local/include"/>
					<Add directory="/usr/lib/gcc/x86_64-linux-gnu/7/include-fixed"/>
					<Add directory="/usr/include/x86_64-linux-gnu"/>
					<Add directory="/usr/include"/>
				</Compiler>
				<MakeCommands>
					<Build command="/usr/bin/make -j4 -f &quot;/home/nikos/Documents/MSc-Dissertation/Code/build-libfreenect-Desktop-Debug/src/Makefile&quot;  VERBOSE=1 freenect"/>
					<CompileFile command="/usr/bin/make -j4 -f &quot;/home/nikos/Documents/MSc-Dissertation/Code/build-libfreenect-Desktop-Debug/src/Makefile&quot;  VERBOSE=1 &quot;$file&quot;"/>
					<Clean command="/usr/bin/make -j4 -f &quot;/home/nikos/Documents/MSc-Dissertation/Code/build-libfreenect-Desktop-Debug/src/Makefile&quot;  VERBOSE=1 clean"/>
					<DistClean command="/usr/bin/make -j4 -f &quot;/home/nikos/Documents/MSc-Dissertation/Code/build-libfreenect-Desktop-Debug/src/Makefile&quot;  VERBOSE=1 clean"/>
				</MakeCommands>
			</Target>
			<Target title="freenect/fast">
				<Option output="/home/nikos/Documents/MSc-Dissertation/Code/build-libfreenect-Desktop-Debug/lib/libfreenect.so" prefix_auto="0" extension_auto="0"/>
				<Option working_dir="/home/nikos/Documents/MSc-Dissertation/Code/build-libfreenect-Desktop-Debug/src"/>
				<Option object_output="./"/>
				<Option type="3"/>
				<Option compiler="gcc"/>
				<Compiler>
					<Add directory="/home/nikos/Documents/MSc-Dissertation/Code/libfreenect/include"/>
					<Add directory="/usr/include/libusb-1.0"/>
					<Add directory="/home/nikos/Documents/MSc-Dissertation/Code/libfreenect/src"/>
					<Add directory="/usr/include/c++/7"/>
					<Add directory="/usr/include/x86_64-linux-gnu/c++/7"/>
					<Add directory="/usr/include/c++/7/backward"/>
					<Add directory="/usr/lib/gcc/x86_64-linux-gnu/7/include"/>
					<Add directory="/usr/local/include"/>
					<Add directory="/usr/lib/gcc/x86_64-linux-gnu/7/include-fixed"/>
					<Add directory="/usr/include/x86_64-linux-gnu"/>
					<Add directory="/usr/include"/>
				</Compiler>
				<MakeCommands>
					<Build command="/usr/bin/make -j4 -f &quot;/home/nikos/Documents/MSc-Dissertation/Code/build-libfreenect-Desktop-Debug/src/Makefile&quot;  VERBOSE=1 freenect/fast"/>
					<CompileFile command="/usr/bin/make -j4 -f &quot;/home/nikos/Documents/MSc-Dissertation/Code/build-libfreenect-Desktop-Debug/src/Makefile&quot;  VERBOSE=1 &quot;$file&quot;"/>
					<Clean command="/usr/bin/make -j4 -f &quot;/home/nikos/Documents/MSc-Dissertation/Code/build-libfreenect-Desktop-Debug/src/Makefile&quot;  VERBOSE=1 clean"/>
					<DistClean command="/usr/bin/make -j4 -f &quot;/home/nikos/Documents/MSc-Dissertation/Code/build-libfreenect-Desktop-Debug/src/Makefile&quot;  VERBOSE=1 clean"/>
				</MakeCommands>
			</Target>
			<Target title="freenectstatic">
				<Option output="/home/nikos/Documents/MSc-Dissertation/Code/build-libfreenect-Desktop-Debug/lib/libfreenect.a" prefix_auto="0" extension_auto="0"/>
				<Option working_dir="/home/nikos/Documents/MSc-Dissertation/Code/build-libfreenect-Desktop-Debug/src"/>
				<Option object_output="./"/>
				<Option type="2"/>
				<Option compiler="gcc"/>
				<Compiler>
					<Add directory="/home/nikos/Documents/MSc-Dissertation/Code/libfreenect/include"/>
					<Add directory="/usr/include/libusb-1.0"/>
					<Add directory="/home/nikos/Documents/MSc-Dissertation/Code/libfreenect/src"/>
					<Add directory="/usr/include/c++/7"/>
					<Add directory="/usr/include/x86_64-linux-gnu/c++/7"/>
					<Add directory="/usr/include/c++/7/backward"/>
					<Add directory="/usr/lib/gcc/x86_64-linux-gnu/7/include"/>
					<Add directory="/usr/local/include"/>
					<Add directory="/usr/lib/gcc/x86_64-linux-gnu/7/include-fixed"/>
					<Add directory="/usr/include/x86_64-linux-gnu"/>
					<Add directory="/usr/include"/>
				</Compiler>
				<MakeCommands>
					<Build command="/usr/bin/make -j4 -f &quot;/home/nikos/Documents/MSc-Dissertation/Code/build-libfreenect-Desktop-Debug/src/Makefile&quot;  VERBOSE=1 freenectstatic"/>
					<CompileFile command="/usr/bin/make -j4 -f &quot;/home/nikos/Documents/MSc-Dissertation/Code/build-libfreenect-Desktop-Debug/src/Makefile&quot;  VERBOSE=1 &quot;$file&quot;"/>
					<Clean command="/usr/bin/make -j4 -f &quot;/home/nikos/Documents/MSc-Dissertation/Code/build-libfreenect-Desktop-Debug/src/Makefile&quot;  VERBOSE=1 clean"/>
					<DistClean command="/usr/bin/make -j4 -f &quot;/home/nikos/Documents/MSc-Dissertation/Code/build-libfreenect-Desktop-Debug/src/Makefile&quot;  VERBOSE=1 clean"/>
				</MakeCommands>
			</Target>
			<Target title="freenectstatic/fast">
				<Option output="/home/nikos/Documents/MSc-Dissertation/Code/build-libfreenect-Desktop-Debug/lib/libfreenect.a" prefix_auto="0" extension_auto="0"/>
				<Option working_dir="/home/nikos/Documents/MSc-Dissertation/Code/build-libfreenect-Desktop-Debug/src"/>
				<Option object_output="./"/>
				<Option type="2"/>
				<Option compiler="gcc"/>
				<Compiler>
					<Add directory="/home/nikos/Documents/MSc-Dissertation/Code/libfreenect/include"/>
					<Add directory="/usr/include/libusb-1.0"/>
					<Add directory="/home/nikos/Documents/MSc-Dissertation/Code/libfreenect/src"/>
					<Add directory="/usr/include/c++/7"/>
					<Add directory="/usr/include/x86_64-linux-gnu/c++/7"/>
					<Add directory="/usr/include/c++/7/backward"/>
					<Add directory="/usr/lib/gcc/x86_64-linux-gnu/7/include"/>
					<Add directory="/usr/local/include"/>
					<Add directory="/usr/lib/gcc/x86_64-linux-gnu/7/include-fixed"/>
					<Add directory="/usr/include/x86_64-linux-gnu"/>
					<Add directory="/usr/include"/>
				</Compiler>
				<MakeCommands>
					<Build command="/usr/bin/make -j4 -f &quot;/home/nikos/Documents/MSc-Dissertation/Code/build-libfreenect-Desktop-Debug/src/Makefile&quot;  VERBOSE=1 freenectstatic/fast"/>
					<CompileFile command="/usr/bin/make -j4 -f &quot;/home/nikos/Documents/MSc-Dissertation/Code/build-libfreenect-Desktop-Debug/src/Makefile&quot;  VERBOSE=1 &quot;$file&quot;"/>
					<Clean command="/usr/bin/make -j4 -f &quot;/home/nikos/Documents/MSc-Dissertation/Code/build-libfreenect-Desktop-Debug/src/Makefile&quot;  VERBOSE=1 clean"/>
					<DistClean command="/usr/bin/make -j4 -f &quot;/home/nikos/Documents/MSc-Dissertation/Code/build-libfreenect-Desktop-Debug/src/Makefile&quot;  VERBOSE=1 clean"/>
				</MakeCommands>
			</Target>
			<Target title="freenect-camtest">
				<Option output="/home/nikos/Documents/MSc-Dissertation/Code/build-libfreenect-Desktop-Debug/bin/freenect-camtest" prefix_auto="0" extension_auto="0"/>
				<Option working_dir="/home/nikos/Documents/MSc-Dissertation/Code/build-libfreenect-Desktop-Debug/bin"/>
				<Option object_output="./"/>
				<Option type="1"/>
				<Option compiler="gcc"/>
				<Compiler>
					<Add directory="/home/nikos/Documents/MSc-Dissertation/Code/libfreenect/include"/>
					<Add directory="/usr/include/libusb-1.0"/>
					<Add directory="/home/nikos/Documents/MSc-Dissertation/Code/libfreenect/examples/../wrappers/c_sync"/>
					<Add directory="/usr/include/c++/7"/>
					<Add directory="/usr/include/x86_64-linux-gnu/c++/7"/>
					<Add directory="/usr/include/c++/7/backward"/>
					<Add directory="/usr/lib/gcc/x86_64-linux-gnu/7/include"/>
					<Add directory="/usr/local/include"/>
					<Add directory="/usr/lib/gcc/x86_64-linux-gnu/7/include-fixed"/>
					<Add directory="/usr/include/x86_64-linux-gnu"/>
					<Add directory="/usr/include"/>
				</Compiler>
				<MakeCommands>
					<Build command="/usr/bin/make -j4 -f &quot;/home/nikos/Documents/MSc-Dissertation/Code/build-libfreenect-Desktop-Debug/examples/Makefile&quot;  VERBOSE=1 freenect-camtest"/>
					<CompileFile command="/usr/bin/make -j4 -f &quot;/home/nikos/Documents/MSc-Dissertation/Code/build-libfreenect-Desktop-Debug/examples/Makefile&quot;  VERBOSE=1 &quot;$file&quot;"/>
					<Clean command="/usr/bin/make -j4 -f &quot;/home/nikos/Documents/MSc-Dissertation/Code/build-libfreenect-Desktop-Debug/examples/Makefile&quot;  VERBOSE=1 clean"/>
					<DistClean command="/usr/bin/make -j4 -f &quot;/home/nikos/Documents/MSc-Dissertation/Code/build-libfreenect-Desktop-Debug/examples/Makefile&quot;  VERBOSE=1 clean"/>
				</MakeCommands>
			</Target>
			<Target title="freenect-camtest/fast">
				<Option output="/home/nikos/Documents/MSc-Dissertation/Code/build-libfreenect-Desktop-Debug/bin/freenect-camtest" prefix_auto="0" extension_auto="0"/>
				<Option working_dir="/home/nikos/Documents/MSc-Dissertation/Code/build-libfreenect-Desktop-Debug/bin"/>
				<Option object_output="./"/>
				<Option type="1"/>
				<Option compiler="gcc"/>
				<Compiler>
					<Add directory="/home/nikos/Documents/MSc-Dissertation/Code/libfreenect/include"/>
					<Add directory="/usr/include/libusb-1.0"/>
					<Add directory="/home/nikos/Documents/MSc-Dissertation/Code/libfreenect/examples/../wrappers/c_sync"/>
					<Add directory="/usr/include/c++/7"/>
					<Add directory="/usr/include/x86_64-linux-gnu/c++/7"/>
					<Add directory="/usr/include/c++/7/backward"/>
					<Add directory="/usr/lib/gcc/x86_64-linux-gnu/7/include"/>
					<Add directory="/usr/local/include"/>
					<Add directory="/usr/lib/gcc/x86_64-linux-gnu/7/include-fixed"/>
					<Add directory="/usr/include/x86_64-linux-gnu"/>
					<Add directory="/usr/include"/>
				</Compiler>
				<MakeCommands>
					<Build command="/usr/bin/make -j4 -f &quot;/home/nikos/Documents/MSc-Dissertation/Code/build-libfreenect-Desktop-Debug/examples/Makefile&quot;  VERBOSE=1 freenect-camtest/fast"/>
					<CompileFile command="/usr/bin/make -j4 -f &quot;/home/nikos/Documents/MSc-Dissertation/Code/build-libfreenect-Desktop-Debug/examples/Makefile&quot;  VERBOSE=1 &quot;$file&quot;"/>
					<Clean command="/usr/bin/make -j4 -f &quot;/home/nikos/Documents/MSc-Dissertation/Code/build-libfreenect-Desktop-Debug/examples/Makefile&quot;  VERBOSE=1 clean"/>
					<DistClean command="/usr/bin/make -j4 -f &quot;/home/nikos/Documents/MSc-Dissertation/Code/build-libfreenect-Desktop-Debug/examples/Makefile&quot;  VERBOSE=1 clean"/>
				</MakeCommands>
			</Target>
			<Target title="freenect-regtest">
				<Option output="/home/nikos/Documents/MSc-Dissertation/Code/build-libfreenect-Desktop-Debug/bin/freenect-regtest" prefix_auto="0" extension_auto="0"/>
				<Option working_dir="/home/nikos/Documents/MSc-Dissertation/Code/build-libfreenect-Desktop-Debug/bin"/>
				<Option object_output="./"/>
				<Option type="1"/>
				<Option compiler="gcc"/>
				<Compiler>
					<Add directory="/home/nikos/Documents/MSc-Dissertation/Code/libfreenect/include"/>
					<Add directory="/usr/include/libusb-1.0"/>
					<Add directory="/home/nikos/Documents/MSc-Dissertation/Code/libfreenect/examples/../wrappers/c_sync"/>
					<Add directory="/usr/include/c++/7"/>
					<Add directory="/usr/include/x86_64-linux-gnu/c++/7"/>
					<Add directory="/usr/include/c++/7/backward"/>
					<Add directory="/usr/lib/gcc/x86_64-linux-gnu/7/include"/>
					<Add directory="/usr/local/include"/>
					<Add directory="/usr/lib/gcc/x86_64-linux-gnu/7/include-fixed"/>
					<Add directory="/usr/include/x86_64-linux-gnu"/>
					<Add directory="/usr/include"/>
				</Compiler>
				<MakeCommands>
					<Build command="/usr/bin/make -j4 -f &quot;/home/nikos/Documents/MSc-Dissertation/Code/build-libfreenect-Desktop-Debug/examples/Makefile&quot;  VERBOSE=1 freenect-regtest"/>
					<CompileFile command="/usr/bin/make -j4 -f &quot;/home/nikos/Documents/MSc-Dissertation/Code/build-libfreenect-Desktop-Debug/examples/Makefile&quot;  VERBOSE=1 &quot;$file&quot;"/>
					<Clean command="/usr/bin/make -j4 -f &quot;/home/nikos/Documents/MSc-Dissertation/Code/build-libfreenect-Desktop-Debug/examples/Makefile&quot;  VERBOSE=1 clean"/>
					<DistClean command="/usr/bin/make -j4 -f &quot;/home/nikos/Documents/MSc-Dissertation/Code/build-libfreenect-Desktop-Debug/examples/Makefile&quot;  VERBOSE=1 clean"/>
				</MakeCommands>
			</Target>
			<Target title="freenect-regtest/fast">
				<Option output="/home/nikos/Documents/MSc-Dissertation/Code/build-libfreenect-Desktop-Debug/bin/freenect-regtest" prefix_auto="0" extension_auto="0"/>
				<Option working_dir="/home/nikos/Documents/MSc-Dissertation/Code/build-libfreenect-Desktop-Debug/bin"/>
				<Option object_output="./"/>
				<Option type="1"/>
				<Option compiler="gcc"/>
				<Compiler>
					<Add directory="/home/nikos/Documents/MSc-Dissertation/Code/libfreenect/include"/>
					<Add directory="/usr/include/libusb-1.0"/>
					<Add directory="/home/nikos/Documents/MSc-Dissertation/Code/libfreenect/examples/../wrappers/c_sync"/>
					<Add directory="/usr/include/c++/7"/>
					<Add directory="/usr/include/x86_64-linux-gnu/c++/7"/>
					<Add directory="/usr/include/c++/7/backward"/>
					<Add directory="/usr/lib/gcc/x86_64-linux-gnu/7/include"/>
					<Add directory="/usr/local/include"/>
					<Add directory="/usr/lib/gcc/x86_64-linux-gnu/7/include-fixed"/>
					<Add directory="/usr/include/x86_64-linux-gnu"/>
					<Add directory="/usr/include"/>
				</Compiler>
				<MakeCommands>
					<Build command="/usr/bin/make -j4 -f &quot;/home/nikos/Documents/MSc-Dissertation/Code/build-libfreenect-Desktop-Debug/examples/Makefile&quot;  VERBOSE=1 freenect-regtest/fast"/>
					<CompileFile command="/usr/bin/make -j4 -f &quot;/home/nikos/Documents/MSc-Dissertation/Code/build-libfreenect-Desktop-Debug/examples/Makefile&quot;  VERBOSE=1 &quot;$file&quot;"/>
					<Clean command="/usr/bin/make -j4 -f &quot;/home/nikos/Documents/MSc-Dissertation/Code/build-libfreenect-Desktop-Debug/examples/Makefile&quot;  VERBOSE=1 clean"/>
					<DistClean command="/usr/bin/make -j4 -f &quot;/home/nikos/Documents/MSc-Dissertation/Code/build-libfreenect-Desktop-Debug/examples/Makefile&quot;  VERBOSE=1 clean"/>
				</MakeCommands>
			</Target>
			<Target title="freenect-wavrecord">
				<Option output="/home/nikos/Documents/MSc-Dissertation/Code/build-libfreenect-Desktop-Debug/bin/freenect-wavrecord" prefix_auto="0" extension_auto="0"/>
				<Option working_dir="/home/nikos/Documents/MSc-Dissertation/Code/build-libfreenect-Desktop-Debug/bin"/>
				<Option object_output="./"/>
				<Option type="1"/>
				<Option compiler="gcc"/>
				<Compiler>
					<Add directory="/home/nikos/Documents/MSc-Dissertation/Code/libfreenect/include"/>
					<Add directory="/usr/include/libusb-1.0"/>
					<Add directory="/home/nikos/Documents/MSc-Dissertation/Code/libfreenect/examples/../wrappers/c_sync"/>
					<Add directory="/usr/include/c++/7"/>
					<Add directory="/usr/include/x86_64-linux-gnu/c++/7"/>
					<Add directory="/usr/include/c++/7/backward"/>
					<Add directory="/usr/lib/gcc/x86_64-linux-gnu/7/include"/>
					<Add directory="/usr/local/include"/>
					<Add directory="/usr/lib/gcc/x86_64-linux-gnu/7/include-fixed"/>
					<Add directory="/usr/include/x86_64-linux-gnu"/>
					<Add directory="/usr/include"/>
				</Compiler>
				<MakeCommands>
					<Build command="/usr/bin/make -j4 -f &quot;/home/nikos/Documents/MSc-Dissertation/Code/build-libfreenect-Desktop-Debug/examples/Makefile&quot;  VERBOSE=1 freenect-wavrecord"/>
					<CompileFile command="/usr/bin/make -j4 -f &quot;/home/nikos/Documents/MSc-Dissertation/Code/build-libfreenect-Desktop-Debug/examples/Makefile&quot;  VERBOSE=1 &quot;$file&quot;"/>
					<Clean command="/usr/bin/make -j4 -f &quot;/home/nikos/Documents/MSc-Dissertation/Code/build-libfreenect-Desktop-Debug/examples/Makefile&quot;  VERBOSE=1 clean"/>
					<DistClean command="/usr/bin/make -j4 -f &quot;/home/nikos/Documents/MSc-Dissertation/Code/build-libfreenect-Desktop-Debug/examples/Makefile&quot;  VERBOSE=1 clean"/>
				</MakeCommands>
			</Target>
			<Target title="freenect-wavrecord/fast">
				<Option output="/home/nikos/Documents/MSc-Dissertation/Code/build-libfreenect-Desktop-Debug/bin/freenect-wavrecord" prefix_auto="0" extension_auto="0"/>
				<Option working_dir="/home/nikos/Documents/MSc-Dissertation/Code/build-libfreenect-Desktop-Debug/bin"/>
				<Option object_output="./"/>
				<Option type="1"/>
				<Option compiler="gcc"/>
				<Compiler>
					<Add directory="/home/nikos/Documents/MSc-Dissertation/Code/libfreenect/include"/>
					<Add directory="/usr/include/libusb-1.0"/>
					<Add directory="/home/nikos/Documents/MSc-Dissertation/Code/libfreenect/examples/../wrappers/c_sync"/>
					<Add directory="/usr/include/c++/7"/>
					<Add directory="/usr/include/x86_64-linux-gnu/c++/7"/>
					<Add directory="/usr/include/c++/7/backward"/>
					<Add directory="/usr/lib/gcc/x86_64-linux-gnu/7/include"/>
					<Add directory="/usr/local/include"/>
					<Add directory="/usr/lib/gcc/x86_64-linux-gnu/7/include-fixed"/>
					<Add directory="/usr/include/x86_64-linux-gnu"/>
					<Add directory="/usr/include"/>
				</Compiler>
				<MakeCommands>
					<Build command="/usr/bin/make -j4 -f &quot;/home/nikos/Documents/MSc-Dissertation/Code/build-libfreenect-Desktop-Debug/examples/Makefile&quot;  VERBOSE=1 freenect-wavrecord/fast"/>
					<CompileFile command="/usr/bin/make -j4 -f &quot;/home/nikos/Documents/MSc-Dissertation/Code/build-libfreenect-Desktop-Debug/examples/Makefile&quot;  VERBOSE=1 &quot;$file&quot;"/>
					<Clean command="/usr/bin/make -j4 -f &quot;/home/nikos/Documents/MSc-Dissertation/Code/build-libfreenect-Desktop-Debug/examples/Makefile&quot;  VERBOSE=1 clean"/>
					<DistClean command="/usr/bin/make -j4 -f &quot;/home/nikos/Documents/MSc-Dissertation/Code/build-libfreenect-Desktop-Debug/examples/Makefile&quot;  VERBOSE=1 clean"/>
				</MakeCommands>
			</Target>
			<Target title="freenect-tiltdemo">
				<Option output="/home/nikos/Documents/MSc-Dissertation/Code/build-libfreenect-Desktop-Debug/bin/freenect-tiltdemo" prefix_auto="0" extension_auto="0"/>
				<Option working_dir="/home/nikos/Documents/MSc-Dissertation/Code/build-libfreenect-Desktop-Debug/bin"/>
				<Option object_output="./"/>
				<Option type="1"/>
				<Option compiler="gcc"/>
				<Compiler>
					<Add directory="/home/nikos/Documents/MSc-Dissertation/Code/libfreenect/include"/>
					<Add directory="/usr/include/libusb-1.0"/>
					<Add directory="/home/nikos/Documents/MSc-Dissertation/Code/libfreenect/examples/../wrappers/c_sync"/>
					<Add directory="/usr/include/c++/7"/>
					<Add directory="/usr/include/x86_64-linux-gnu/c++/7"/>
					<Add directory="/usr/include/c++/7/backward"/>
					<Add directory="/usr/lib/gcc/x86_64-linux-gnu/7/include"/>
					<Add directory="/usr/local/include"/>
					<Add directory="/usr/lib/gcc/x86_64-linux-gnu/7/include-fixed"/>
					<Add directory="/usr/include/x86_64-linux-gnu"/>
					<Add directory="/usr/include"/>
				</Compiler>
				<MakeCommands>
					<Build command="/usr/bin/make -j4 -f &quot;/home/nikos/Documents/MSc-Dissertation/Code/build-libfreenect-Desktop-Debug/examples/Makefile&quot;  VERBOSE=1 freenect-tiltdemo"/>
					<CompileFile command="/usr/bin/make -j4 -f &quot;/home/nikos/Documents/MSc-Dissertation/Code/build-libfreenect-Desktop-Debug/examples/Makefile&quot;  VERBOSE=1 &quot;$file&quot;"/>
					<Clean command="/usr/bin/make -j4 -f &quot;/home/nikos/Documents/MSc-Dissertation/Code/build-libfreenect-Desktop-Debug/examples/Makefile&quot;  VERBOSE=1 clean"/>
					<DistClean command="/usr/bin/make -j4 -f &quot;/home/nikos/Documents/MSc-Dissertation/Code/build-libfreenect-Desktop-Debug/examples/Makefile&quot;  VERBOSE=1 clean"/>
				</MakeCommands>
			</Target>
			<Target title="freenect-tiltdemo/fast">
				<Option output="/home/nikos/Documents/MSc-Dissertation/Code/build-libfreenect-Desktop-Debug/bin/freenect-tiltdemo" prefix_auto="0" extension_auto="0"/>
				<Option working_dir="/home/nikos/Documents/MSc-Dissertation/Code/build-libfreenect-Desktop-Debug/bin"/>
				<Option object_output="./"/>
				<Option type="1"/>
				<Option compiler="gcc"/>
				<Compiler>
					<Add directory="/home/nikos/Documents/MSc-Dissertation/Code/libfreenect/include"/>
					<Add directory="/usr/include/libusb-1.0"/>
					<Add directory="/home/nikos/Documents/MSc-Dissertation/Code/libfreenect/examples/../wrappers/c_sync"/>
					<Add directory="/usr/include/c++/7"/>
					<Add directory="/usr/include/x86_64-linux-gnu/c++/7"/>
					<Add directory="/usr/include/c++/7/backward"/>
					<Add directory="/usr/lib/gcc/x86_64-linux-gnu/7/include"/>
					<Add directory="/usr/local/include"/>
					<Add directory="/usr/lib/gcc/x86_64-linux-gnu/7/include-fixed"/>
					<Add directory="/usr/include/x86_64-linux-gnu"/>
					<Add directory="/usr/include"/>
				</Compiler>
				<MakeCommands>
					<Build command="/usr/bin/make -j4 -f &quot;/home/nikos/Documents/MSc-Dissertation/Code/build-libfreenect-Desktop-Debug/examples/Makefile&quot;  VERBOSE=1 freenect-tiltdemo/fast"/>
					<CompileFile command="/usr/bin/make -j4 -f &quot;/home/nikos/Documents/MSc-Dissertation/Code/build-libfreenect-Desktop-Debug/examples/Makefile&quot;  VERBOSE=1 &quot;$file&quot;"/>
					<Clean command="/usr/bin/make -j4 -f &quot;/home/nikos/Documents/MSc-Dissertation/Code/build-libfreenect-Desktop-Debug/examples/Makefile&quot;  VERBOSE=1 clean"/>
					<DistClean command="/usr/bin/make -j4 -f &quot;/home/nikos/Documents/MSc-Dissertation/Code/build-libfreenect-Desktop-Debug/examples/Makefile&quot;  VERBOSE=1 clean"/>
				</MakeCommands>
			</Target>
			<Target title="fakenect-record">
				<Option output="/home/nikos/Documents/MSc-Dissertation/Code/build-libfreenect-Desktop-Debug/bin/fakenect-record" prefix_auto="0" extension_auto="0"/>
				<Option working_dir="/home/nikos/Documents/MSc-Dissertation/Code/build-libfreenect-Desktop-Debug/bin"/>
				<Option object_output="./"/>
				<Option type="1"/>
				<Option compiler="gcc"/>
				<Compiler>
					<Add directory="/home/nikos/Documents/MSc-Dissertation/Code/libfreenect/include"/>
					<Add directory="/usr/include/libusb-1.0"/>
					<Add directory="/home/nikos/Documents/MSc-Dissertation/Code/libfreenect/fakenect/../src"/>
					<Add directory="/usr/include/c++/7"/>
					<Add directory="/usr/include/x86_64-linux-gnu/c++/7"/>
					<Add directory="/usr/include/c++/7/backward"/>
					<Add directory="/usr/lib/gcc/x86_64-linux-gnu/7/include"/>
					<Add directory="/usr/local/include"/>
					<Add directory="/usr/lib/gcc/x86_64-linux-gnu/7/include-fixed"/>
					<Add directory="/usr/include/x86_64-linux-gnu"/>
					<Add directory="/usr/include"/>
				</Compiler>
				<MakeCommands>
					<Build command="/usr/bin/make -j4 -f &quot;/home/nikos/Documents/MSc-Dissertation/Code/build-libfreenect-Desktop-Debug/fakenect/Makefile&quot;  VERBOSE=1 fakenect-record"/>
					<CompileFile command="/usr/bin/make -j4 -f &quot;/home/nikos/Documents/MSc-Dissertation/Code/build-libfreenect-Desktop-Debug/fakenect/Makefile&quot;  VERBOSE=1 &quot;$file&quot;"/>
					<Clean command="/usr/bin/make -j4 -f &quot;/home/nikos/Documents/MSc-Dissertation/Code/build-libfreenect-Desktop-Debug/fakenect/Makefile&quot;  VERBOSE=1 clean"/>
					<DistClean command="/usr/bin/make -j4 -f &quot;/home/nikos/Documents/MSc-Dissertation/Code/build-libfreenect-Desktop-Debug/fakenect/Makefile&quot;  VERBOSE=1 clean"/>
				</MakeCommands>
			</Target>
			<Target title="fakenect-record/fast">
				<Option output="/home/nikos/Documents/MSc-Dissertation/Code/build-libfreenect-Desktop-Debug/bin/fakenect-record" prefix_auto="0" extension_auto="0"/>
				<Option working_dir="/home/nikos/Documents/MSc-Dissertation/Code/build-libfreenect-Desktop-Debug/bin"/>
				<Option object_output="./"/>
				<Option type="1"/>
				<Option compiler="gcc"/>
				<Compiler>
					<Add directory="/home/nikos/Documents/MSc-Dissertation/Code/libfreenect/include"/>
					<Add directory="/usr/include/libusb-1.0"/>
					<Add directory="/home/nikos/Documents/MSc-Dissertation/Code/libfreenect/fakenect/../src"/>
					<Add directory="/usr/include/c++/7"/>
					<Add directory="/usr/include/x86_64-linux-gnu/c++/7"/>
					<Add directory="/usr/include/c++/7/backward"/>
					<Add directory="/usr/lib/gcc/x86_64-linux-gnu/7/include"/>
					<Add directory="/usr/local/include"/>
					<Add directory="/usr/lib/gcc/x86_64-linux-gnu/7/include-fixed"/>
					<Add directory="/usr/include/x86_64-linux-gnu"/>
					<Add directory="/usr/include"/>
				</Compiler>
				<MakeCommands>
					<Build command="/usr/bin/make -j4 -f &quot;/home/nikos/Documents/MSc-Dissertation/Code/build-libfreenect-Desktop-Debug/fakenect/Makefile&quot;  VERBOSE=1 fakenect-record/fast"/>
					<CompileFile command="/usr/bin/make -j4 -f &quot;/home/nikos/Documents/MSc-Dissertation/Code/build-libfreenect-Desktop-Debug/fakenect/Makefile&quot;  VERBOSE=1 &quot;$file&quot;"/>
					<Clean command="/usr/bin/make -j4 -f &quot;/home/nikos/Documents/MSc-Dissertation/Code/build-libfreenect-Desktop-Debug/fakenect/Makefile&quot;  VERBOSE=1 clean"/>
					<DistClean command="/usr/bin/make -j4 -f &quot;/home/nikos/Documents/MSc-Dissertation/Code/build-libfreenect-Desktop-Debug/fakenect/Makefile&quot;  VERBOSE=1 clean"/>
				</MakeCommands>
			</Target>
			<Target title="fakenect">
				<Option output="/home/nikos/Documents/MSc-Dissertation/Code/build-libfreenect-Desktop-Debug/lib/fakenect/libfakenect.so" prefix_auto="0" extension_auto="0"/>
				<Option working_dir="/home/nikos/Documents/MSc-Dissertation/Code/build-libfreenect-Desktop-Debug/fakenect"/>
				<Option object_output="./"/>
				<Option type="3"/>
				<Option compiler="gcc"/>
				<Compiler>
					<Add directory="/home/nikos/Documents/MSc-Dissertation/Code/libfreenect/include"/>
					<Add directory="/usr/include/libusb-1.0"/>
					<Add directory="/home/nikos/Documents/MSc-Dissertation/Code/libfreenect/fakenect/../src"/>
					<Add directory="/usr/include/c++/7"/>
					<Add directory="/usr/include/x86_64-linux-gnu/c++/7"/>
					<Add directory="/usr/include/c++/7/backward"/>
					<Add directory="/usr/lib/gcc/x86_64-linux-gnu/7/include"/>
					<Add directory="/usr/local/include"/>
					<Add directory="/usr/lib/gcc/x86_64-linux-gnu/7/include-fixed"/>
					<Add directory="/usr/include/x86_64-linux-gnu"/>
					<Add directory="/usr/include"/>
				</Compiler>
				<MakeCommands>
					<Build command="/usr/bin/make -j4 -f &quot;/home/nikos/Documents/MSc-Dissertation/Code/build-libfreenect-Desktop-Debug/fakenect/Makefile&quot;  VERBOSE=1 fakenect"/>
					<CompileFile command="/usr/bin/make -j4 -f &quot;/home/nikos/Documents/MSc-Dissertation/Code/build-libfreenect-Desktop-Debug/fakenect/Makefile&quot;  VERBOSE=1 &quot;$file&quot;"/>
					<Clean command="/usr/bin/make -j4 -f &quot;/home/nikos/Documents/MSc-Dissertation/Code/build-libfreenect-Desktop-Debug/fakenect/Makefile&quot;  VERBOSE=1 clean"/>
					<DistClean command="/usr/bin/make -j4 -f &quot;/home/nikos/Documents/MSc-Dissertation/Code/build-libfreenect-Desktop-Debug/fakenect/Makefile&quot;  VERBOSE=1 clean"/>
				</MakeCommands>
			</Target>
			<Target title="fakenect/fast">
				<Option output="/home/nikos/Documents/MSc-Dissertation/Code/build-libfreenect-Desktop-Debug/lib/fakenect/libfakenect.so" prefix_auto="0" extension_auto="0"/>
				<Option working_dir="/home/nikos/Documents/MSc-Dissertation/Code/build-libfreenect-Desktop-Debug/fakenect"/>
				<Option object_output="./"/>
				<Option type="3"/>
				<Option compiler="gcc"/>
				<Compiler>
					<Add directory="/home/nikos/Documents/MSc-Dissertation/Code/libfreenect/include"/>
					<Add directory="/usr/include/libusb-1.0"/>
					<Add directory="/home/nikos/Documents/MSc-Dissertation/Code/libfreenect/fakenect/../src"/>
					<Add directory="/usr/include/c++/7"/>
					<Add directory="/usr/include/x86_64-linux-gnu/c++/7"/>
					<Add directory="/usr/include/c++/7/backward"/>
					<Add directory="/usr/lib/gcc/x86_64-linux-gnu/7/include"/>
					<Add directory="/usr/local/include"/>
					<Add directory="/usr/lib/gcc/x86_64-linux-gnu/7/include-fixed"/>
					<Add directory="/usr/include/x86_64-linux-gnu"/>
					<Add directory="/usr/include"/>
				</Compiler>
				<MakeCommands>
					<Build command="/usr/bin/make -j4 -f &quot;/home/nikos/Documents/MSc-Dissertation/Code/build-libfreenect-Desktop-Debug/fakenect/Makefile&quot;  VERBOSE=1 fakenect/fast"/>
					<CompileFile command="/usr/bin/make -j4 -f &quot;/home/nikos/Documents/MSc-Dissertation/Code/build-libfreenect-Desktop-Debug/fakenect/Makefile&quot;  VERBOSE=1 &quot;$file&quot;"/>
					<Clean command="/usr/bin/make -j4 -f &quot;/home/nikos/Documents/MSc-Dissertation/Code/build-libfreenect-Desktop-Debug/fakenect/Makefile&quot;  VERBOSE=1 clean"/>
					<DistClean command="/usr/bin/make -j4 -f &quot;/home/nikos/Documents/MSc-Dissertation/Code/build-libfreenect-Desktop-Debug/fakenect/Makefile&quot;  VERBOSE=1 clean"/>
				</MakeCommands>
			</Target>
			<Target title="freenect_sync_static">
				<Option output="/home/nikos/Documents/MSc-Dissertation/Code/build-libfreenect-Desktop-Debug/lib/libfreenect_sync.a" prefix_auto="0" extension_auto="0"/>
				<Option working_dir="/home/nikos/Documents/MSc-Dissertation/Code/build-libfreenect-Desktop-Debug/wrappers/c_sync"/>
				<Option object_output="./"/>
				<Option type="2"/>
				<Option compiler="gcc"/>
				<Compiler>
					<Add directory="/home/nikos/Documents/MSc-Dissertation/Code/libfreenect/include"/>
					<Add directory="/usr/include/libusb-1.0"/>
					<Add directory="/usr/include/c++/7"/>
					<Add directory="/usr/include/x86_64-linux-gnu/c++/7"/>
					<Add directory="/usr/include/c++/7/backward"/>
					<Add directory="/usr/lib/gcc/x86_64-linux-gnu/7/include"/>
					<Add directory="/usr/local/include"/>
					<Add directory="/usr/lib/gcc/x86_64-linux-gnu/7/include-fixed"/>
					<Add directory="/usr/include/x86_64-linux-gnu"/>
					<Add directory="/usr/include"/>
				</Compiler>
				<MakeCommands>
					<Build command="/usr/bin/make -j4 -f &quot;/home/nikos/Documents/MSc-Dissertation/Code/build-libfreenect-Desktop-Debug/wrappers/c_sync/Makefile&quot;  VERBOSE=1 freenect_sync_static"/>
					<CompileFile command="/usr/bin/make -j4 -f &quot;/home/nikos/Documents/MSc-Dissertation/Code/build-libfreenect-Desktop-Debug/wrappers/c_sync/Makefile&quot;  VERBOSE=1 &quot;$file&quot;"/>
					<Clean command="/usr/bin/make -j4 -f &quot;/home/nikos/Documents/MSc-Dissertation/Code/build-libfreenect-Desktop-Debug/wrappers/c_sync/Makefile&quot;  VERBOSE=1 clean"/>
					<DistClean command="/usr/bin/make -j4 -f &quot;/home/nikos/Documents/MSc-Dissertation/Code/build-libfreenect-Desktop-Debug/wrappers/c_sync/Makefile&quot;  VERBOSE=1 clean"/>
				</MakeCommands>
			</Target>
			<Target title="freenect_sync_static/fast">
				<Option output="/home/nikos/Documents/MSc-Dissertation/Code/build-libfreenect-Desktop-Debug/lib/libfreenect_sync.a" prefix_auto="0" extension_auto="0"/>
				<Option working_dir="/home/nikos/Documents/MSc-Dissertation/Code/build-libfreenect-Desktop-Debug/wrappers/c_sync"/>
				<Option object_output="./"/>
				<Option type="2"/>
				<Option compiler="gcc"/>
				<Compiler>
					<Add directory="/home/nikos/Documents/MSc-Dissertation/Code/libfreenect/include"/>
					<Add directory="/usr/include/libusb-1.0"/>
					<Add directory="/usr/include/c++/7"/>
					<Add directory="/usr/include/x86_64-linux-gnu/c++/7"/>
					<Add directory="/usr/include/c++/7/backward"/>
					<Add directory="/usr/lib/gcc/x86_64-linux-gnu/7/include"/>
					<Add directory="/usr/local/include"/>
					<Add directory="/usr/lib/gcc/x86_64-linux-gnu/7/include-fixed"/>
					<Add directory="/usr/include/x86_64-linux-gnu"/>
					<Add directory="/usr/include"/>
				</Compiler>
				<MakeCommands>
					<Build command="/usr/bin/make -j4 -f &quot;/home/nikos/Documents/MSc-Dissertation/Code/build-libfreenect-Desktop-Debug/wrappers/c_sync/Makefile&quot;  VERBOSE=1 freenect_sync_static/fast"/>
					<CompileFile command="/usr/bin/make -j4 -f &quot;/home/nikos/Documents/MSc-Dissertation/Code/build-libfreenect-Desktop-Debug/wrappers/c_sync/Makefile&quot;  VERBOSE=1 &quot;$file&quot;"/>
					<Clean command="/usr/bin/make -j4 -f &quot;/home/nikos/Documents/MSc-Dissertation/Code/build-libfreenect-Desktop-Debug/wrappers/c_sync/Makefile&quot;  VERBOSE=1 clean"/>
					<DistClean command="/usr/bin/make -j4 -f &quot;/home/nikos/Documents/MSc-Dissertation/Code/build-libfreenect-Desktop-Debug/wrappers/c_sync/Makefile&quot;  VERBOSE=1 clean"/>
				</MakeCommands>
			</Target>
			<Target title="freenect_sync">
				<Option output="/home/nikos/Documents/MSc-Dissertation/Code/build-libfreenect-Desktop-Debug/lib/libfreenect_sync.so" prefix_auto="0" extension_auto="0"/>
				<Option working_dir="/home/nikos/Documents/MSc-Dissertation/Code/build-libfreenect-Desktop-Debug/wrappers/c_sync"/>
				<Option object_output="./"/>
				<Option type="3"/>
				<Option compiler="gcc"/>
				<Compiler>
					<Add directory="/home/nikos/Documents/MSc-Dissertation/Code/libfreenect/include"/>
					<Add directory="/usr/include/libusb-1.0"/>
					<Add directory="/usr/include/c++/7"/>
					<Add directory="/usr/include/x86_64-linux-gnu/c++/7"/>
					<Add directory="/usr/include/c++/7/backward"/>
					<Add directory="/usr/lib/gcc/x86_64-linux-gnu/7/include"/>
					<Add directory="/usr/local/include"/>
					<Add directory="/usr/lib/gcc/x86_64-linux-gnu/7/include-fixed"/>
					<Add directory="/usr/include/x86_64-linux-gnu"/>
					<Add directory="/usr/include"/>
				</Compiler>
				<MakeCommands>
					<Build command="/usr/bin/make -j4 -f &quot;/home/nikos/Documents/MSc-Dissertation/Code/build-libfreenect-Desktop-Debug/wrappers/c_sync/Makefile&quot;  VERBOSE=1 freenect_sync"/>
					<CompileFile command="/usr/bin/make -j4 -f &quot;/home/nikos/Documents/MSc-Dissertation/Code/build-libfreenect-Desktop-Debug/wrappers/c_sync/Makefile&quot;  VERBOSE=1 &quot;$file&quot;"/>
					<Clean command="/usr/bin/make -j4 -f &quot;/home/nikos/Documents/MSc-Dissertation/Code/build-libfreenect-Desktop-Debug/wrappers/c_sync/Makefile&quot;  VERBOSE=1 clean"/>
					<DistClean command="/usr/bin/make -j4 -f &quot;/home/nikos/Documents/MSc-Dissertation/Code/build-libfreenect-Desktop-Debug/wrappers/c_sync/Makefile&quot;  VERBOSE=1 clean"/>
				</MakeCommands>
			</Target>
			<Target title="freenect_sync/fast">
				<Option output="/home/nikos/Documents/MSc-Dissertation/Code/build-libfreenect-Desktop-Debug/lib/libfreenect_sync.so" prefix_auto="0" extension_auto="0"/>
				<Option working_dir="/home/nikos/Documents/MSc-Dissertation/Code/build-libfreenect-Desktop-Debug/wrappers/c_sync"/>
				<Option object_output="./"/>
				<Option type="3"/>
				<Option compiler="gcc"/>
				<Compiler>
					<Add directory="/home/nikos/Documents/MSc-Dissertation/Code/libfreenect/include"/>
					<Add directory="/usr/include/libusb-1.0"/>
					<Add directory="/usr/include/c++/7"/>
					<Add directory="/usr/include/x86_64-linux-gnu/c++/7"/>
					<Add directory="/usr/include/c++/7/backward"/>
					<Add directory="/usr/lib/gcc/x86_64-linux-gnu/7/include"/>
					<Add directory="/usr/local/include"/>
					<Add directory="/usr/lib/gcc/x86_64-linux-gnu/7/include-fixed"/>
					<Add directory="/usr/include/x86_64-linux-gnu"/>
					<Add directory="/usr/include"/>
				</Compiler>
				<MakeCommands>
					<Build command="/usr/bin/make -j4 -f &quot;/home/nikos/Documents/MSc-Dissertation/Code/build-libfreenect-Desktop-Debug/wrappers/c_sync/Makefile&quot;  VERBOSE=1 freenect_sync/fast"/>
					<CompileFile command="/usr/bin/make -j4 -f &quot;/home/nikos/Documents/MSc-Dissertation/Code/build-libfreenect-Desktop-Debug/wrappers/c_sync/Makefile&quot;  VERBOSE=1 &quot;$file&quot;"/>
					<Clean command="/usr/bin/make -j4 -f &quot;/home/nikos/Documents/MSc-Dissertation/Code/build-libfreenect-Desktop-Debug/wrappers/c_sync/Makefile&quot;  VERBOSE=1 clean"/>
					<DistClean command="/usr/bin/make -j4 -f &quot;/home/nikos/Documents/MSc-Dissertation/Code/build-libfreenect-Desktop-Debug/wrappers/c_sync/Makefile&quot;  VERBOSE=1 clean"/>
				</MakeCommands>
			</Target>
		</Build>
		<Unit filename="/home/nikos/Documents/MSc-Dissertation/Code/libfreenect/examples/camtest.c">
			<Option target="freenect-camtest"/>
		</Unit>
		<Unit filename="/home/nikos/Documents/MSc-Dissertation/Code/libfreenect/examples/regtest.c">
			<Option target="freenect-regtest"/>
		</Unit>
		<Unit filename="/home/nikos/Documents/MSc-Dissertation/Code/libfreenect/examples/tiltdemo.c">
			<Option target="freenect-tiltdemo"/>
		</Unit>
		<Unit filename="/home/nikos/Documents/MSc-Dissertation/Code/libfreenect/examples/wavrecord.c">
			<Option target="freenect-wavrecord"/>
		</Unit>
		<Unit filename="/home/nikos/Documents/MSc-Dissertation/Code/libfreenect/fakenect/fakenect.c">
			<Option target="fakenect"/>
		</Unit>
		<Unit filename="/home/nikos/Documents/MSc-Dissertation/Code/libfreenect/fakenect/parson.c">
			<Option target="fakenect-record"/>
			<Option target="fakenect"/>
		</Unit>
		<Unit filename="/home/nikos/Documents/MSc-Dissertation/Code/libfreenect/fakenect/parson.h">
			<Option target="fakenect-record"/>
			<Option target="fakenect"/>
		</Unit>
		<Unit filename="/home/nikos/Documents/MSc-Dissertation/Code/libfreenect/fakenect/record.c">
			<Option target="fakenect-record"/>
		</Unit>
		<Unit filename="/home/nikos/Documents/MSc-Dissertation/Code/libfreenect/src/audio.c">
			<Option target="freenect"/>
			<Option target="freenectstatic"/>
		</Unit>
		<Unit filename="/home/nikos/Documents/MSc-Dissertation/Code/libfreenect/src/cameras.c">
			<Option target="freenect"/>
			<Option target="freenectstatic"/>
		</Unit>
		<Unit filename="/home/nikos/Documents/MSc-Dissertation/Code/libfreenect/src/cameras.h">
			<Option target="freenect"/>
			<Option target="freenectstatic"/>
		</Unit>
		<Unit filename="/home/nikos/Documents/MSc-Dissertation/Code/libfreenect/src/core.c">
			<Option target="freenect"/>
			<Option target="freenectstatic"/>
		</Unit>
		<Unit filename="/home/nikos/Documents/MSc-Dissertation/Code/libfreenect/src/flags.c">
			<Option target="freenect"/>
			<Option target="freenectstatic"/>
		</Unit>
		<Unit filename="/home/nikos/Documents/MSc-Dissertation/Code/libfreenect/src/flags.h">
			<Option target="freenect"/>
			<Option target="freenectstatic"/>
		</Unit>
		<Unit filename="/home/nikos/Documents/MSc-Dissertation/Code/libfreenect/src/loader.c">
			<Option target="freenect"/>
			<Option target="freenectstatic"/>
		</Unit>
		<Unit filename="/home/nikos/Documents/MSc-Dissertation/Code/libfreenect/src/loader.h">
			<Option target="freenect"/>
			<Option target="freenectstatic"/>
		</Unit>
		<Unit filename="/home/nikos/Documents/MSc-Dissertation/Code/libfreenect/src/registration.c">
			<Option target="freenect"/>
			<Option target="freenectstatic"/>
			<Option target="fakenect"/>
		</Unit>
		<Unit filename="/home/nikos/Documents/MSc-Dissertation/Code/libfreenect/src/registration.h">
			<Option target="freenect"/>
			<Option target="freenectstatic"/>
			<Option target="fakenect"/>
		</Unit>
		<Unit filename="/home/nikos/Documents/MSc-Dissertation/Code/libfreenect/src/tilt.c">
			<Option target="freenect"/>
			<Option target="freenectstatic"/>
		</Unit>
		<Unit filename="/home/nikos/Documents/MSc-Dissertation/Code/libfreenect/src/usb_libusb10.c">
			<Option target="freenect"/>
			<Option target="freenectstatic"/>
		</Unit>
		<Unit filename="/home/nikos/Documents/MSc-Dissertation/Code/libfreenect/src/usb_libusb10.h">
			<Option target="freenect"/>
			<Option target="freenectstatic"/>
		</Unit>
		<Unit filename="/home/nikos/Documents/MSc-Dissertation/Code/libfreenect/wrappers/c_sync/libfreenect_sync.c">
			<Option target="freenect_sync_static"/>
			<Option target="freenect_sync"/>
		</Unit>
		<Unit filename="/home/nikos/Documents/MSc-Dissertation/Code/libfreenect/wrappers/c_sync/libfreenect_sync.h">
			<Option target="freenect_sync_static"/>
			<Option target="freenect_sync"/>
		</Unit>
		<Unit filename="/home/nikos/Documents/MSc-Dissertation/Code/libfreenect/CMakeLists.txt">
			<Option virtualFolder="CMake Files\"/>
		</Unit>
		<Unit filename="/home/nikos/Documents/MSc-Dissertation/Code/libfreenect/libfreenectConfig.cmake.in">
			<Option virtualFolder="CMake Files\"/>
		</Unit>
		<Unit filename="/home/nikos/Documents/MSc-Dissertation/Code/libfreenect/cmake_modules/FindOS.cmake">
			<Option virtualFolder="CMake Files\cmake_modules\"/>
		</Unit>
		<Unit filename="/home/nikos/Documents/MSc-Dissertation/Code/libfreenect/cmake_modules/FindThreads.cmake">
			<Option virtualFolder="CMake Files\cmake_modules\"/>
		</Unit>
		<Unit filename="/home/nikos/Documents/MSc-Dissertation/Code/libfreenect/cmake_modules/Findlibusb-1.0.cmake">
			<Option virtualFolder="CMake Files\cmake_modules\"/>
		</Unit>
		<Unit filename="/home/nikos/Documents/MSc-Dissertation/Code/libfreenect/cmake_modules/SetupDirectories.cmake">
			<Option virtualFolder="CMake Files\cmake_modules\"/>
		</Unit>
		<Unit filename="/home/nikos/Documents/MSc-Dissertation/Code/libfreenect/cmake_modules/UninstallTarget.cmake.in">
			<Option virtualFolder="CMake Files\cmake_modules\"/>
		</Unit>
		<Unit filename="/home/nikos/Documents/MSc-Dissertation/Code/libfreenect/src/CMakeLists.txt">
			<Option virtualFolder="CMake Files\src\"/>
		</Unit>
		<Unit filename="/home/nikos/Documents/MSc-Dissertation/Code/libfreenect/src/libfreenect.pc.in">
			<Option virtualFolder="CMake Files\src\"/>
		</Unit>
		<Unit filename="/home/nikos/Documents/MSc-Dissertation/Code/libfreenect/examples/CMakeLists.txt">
			<Option virtualFolder="CMake Files\examples\"/>
		</Unit>
		<Unit filename="/home/nikos/Documents/MSc-Dissertation/Code/libfreenect/fakenect/CMakeLists.txt">
			<Option virtualFolder="CMake Files\fakenect\"/>
		</Unit>
		<Unit filename="/home/nikos/Documents/MSc-Dissertation/Code/libfreenect/fakenect/fakenect.sh.in">
			<Option virtualFolder="CMake Files\fakenect\"/>
		</Unit>
		<Unit filename="/home/nikos/Documents/MSc-Dissertation/Code/libfreenect/wrappers/c_sync/CMakeLists.txt">
			<Option virtualFolder="CMake Files\wrappers\c_sync\"/>
		</Unit>
		<Unit filename="/home/nikos/Documents/MSc-Dissertation/Code/libfreenect/wrappers/cpp/CMakeLists.txt">
			<Option virtualFolder="CMake Files\wrappers\cpp\"/>
		</Unit>
	</Project>
</CodeBlocks_project_file>
